// !$*UTF8*$!
{
	archiveVersion = 1;
	classes = {
	};
	objectVersion = 56;
	objects = {

/* Begin PBXBuildFile section */
		1100000000000001 /* CashuWalletApp.swift in Sources */ = {isa = PBXBuildFile; fileRef = 2100000000000001 /* CashuWalletApp.swift */; };
		1100000000000002 /* ContentView.swift in Sources */ = {isa = PBXBuildFile; fileRef = 2100000000000002 /* ContentView.swift */; };
		1100000000000004 /* WalletManager.swift in Sources */ = {isa = PBXBuildFile; fileRef = 2100000000000004 /* WalletManager.swift */; };
		1100000000000005 /* KeychainService.swift in Sources */ = {isa = PBXBuildFile; fileRef = 2100000000000005 /* KeychainService.swift */; };
		1100000000000006 /* Models.swift in Sources */ = {isa = PBXBuildFile; fileRef = 2100000000000006 /* Models.swift */; };
		1100000000000007 /* MainWalletView.swift in Sources */ = {isa = PBXBuildFile; fileRef = 2100000000000007 /* MainWalletView.swift */; };
		1100000000000008 /* OnboardingView.swift in Sources */ = {isa = PBXBuildFile; fileRef = 2100000000000008 /* OnboardingView.swift */; };
		1100000000000009 /* ReceiveView.swift in Sources */ = {isa = PBXBuildFile; fileRef = 2100000000000009 /* ReceiveView.swift */; };
		110000000000000A /* ReceiveLightningView.swift in Sources */ = {isa = PBXBuildFile; fileRef = 210000000000000A /* ReceiveLightningView.swift */; };
		110000000000000B /* SendView.swift in Sources */ = {isa = PBXBuildFile; fileRef = 210000000000000B /* SendView.swift */; };
		110000000000000C /* MintsListView.swift in Sources */ = {isa = PBXBuildFile; fileRef = 210000000000000C /* MintsListView.swift */; };
		110000000000000D /* HistoryView.swift in Sources */ = {isa = PBXBuildFile; fileRef = 210000000000000D /* HistoryView.swift */; };
		110000000000000E /* SettingsView.swift in Sources */ = {isa = PBXBuildFile; fileRef = 210000000000000E /* SettingsView.swift */; };
		1100000000000010 /* QRCodeView.swift in Sources */ = {isa = PBXBuildFile; fileRef = 2100000000000010 /* QRCodeView.swift */; };
		1100000000000012 /* Assets.xcassets in Resources */ = {isa = PBXBuildFile; fileRef = 2100000000000012 /* Assets.xcassets */; };
		11000000000000CC /* MintDetailView.swift in Sources */ = {isa = PBXBuildFile; fileRef = 21000000000000CC /* MintDetailView.swift */; };
		264054F18D12335595328FBC /* LiquidGlassModifiers.swift in Sources */ = {isa = PBXBuildFile; fileRef = 3DC08FE85DFC643906176894 /* LiquidGlassModifiers.swift */; };
		6A8EC9302F2442F00058C21B /* SettingsManager.swift in Sources */ = {isa = PBXBuildFile; fileRef = 6A8EC92F2F2442EF0058C21B /* SettingsManager.swift */; };
		6A8EC9322F2448B60058C21B /* MintDiscoveryManager.swift in Sources */ = {isa = PBXBuildFile; fileRef = 6A8EC9312F2448B60058C21B /* MintDiscoveryManager.swift */; };
		6A8EC9342F244BD80058C21B /* ScannerWrapperView.swift in Sources */ = {isa = PBXBuildFile; fileRef = 6A8EC9332F244BD80058C21B /* ScannerWrapperView.swift */; };
		6A8EC9362F244C8C0058C21B /* TransactionDetailView.swift in Sources */ = {isa = PBXBuildFile; fileRef = 6A8EC9352F244C8C0058C21B /* TransactionDetailView.swift */; };
		6A8EC9382F2450000058C21B /* NotificationBadgeView.swift in Sources */ = {isa = PBXBuildFile; fileRef = 6A8EC9372F2450000058C21B /* NotificationBadgeView.swift */; };
		6A8EC93F2F256F350058C21B /* URKit in Frameworks */ = {isa = PBXBuildFile; productRef = 6A8EC93E2F256F350058C21B /* URKit */; };
		6A8EC9412F2576800058C21B /* ReceiveTokenDetailView.swift in Sources */ = {isa = PBXBuildFile; fileRef = 6A8EC9402F2576800058C21B /* ReceiveTokenDetailView.swift */; };
		6A8EC9452F257FFB0058C21B /* ActivityOrbView.swift in Sources */ = {isa = PBXBuildFile; fileRef = 6A8EC9422F257FFB0058C21B /* ActivityOrbView.swift */; };
		6A8EC9462F257FFB0058C21B /* AnimatedBalanceView.swift in Sources */ = {isa = PBXBuildFile; fileRef = 6A8EC9442F257FFB0058C21B /* AnimatedBalanceView.swift */; };
		6A8EC9472F257FFB0058C21B /* AmountEntryView.swift in Sources */ = {isa = PBXBuildFile; fileRef = 6A8EC9432F257FFB0058C21B /* AmountEntryView.swift */; };
		6A8EC9482F2580000058C21B /* EcashIcon.swift in Sources */ = {isa = PBXBuildFile; fileRef = 6A8EC9492F2580000058C21B /* EcashIcon.swift */; };
		6A8EC94A2F2590000058C21B /* PriceService.swift in Sources */ = {isa = PBXBuildFile; fileRef = 6A8EC94B2F2590000058C21B /* PriceService.swift */; };
		6A8EC94C2F25A0000058C21B /* NostrService.swift in Sources */ = {isa = PBXBuildFile; fileRef = 6A8EC94D2F25A0000058C21B /* NostrService.swift */; };
		6A8EC94E2F25A0000058C21B /* NPCService.swift in Sources */ = {isa = PBXBuildFile; fileRef = 6A8EC94F2F25A0000058C21B /* NPCService.swift */; };
		6A8EC95B2F26983E0058C21B /* P256K in Frameworks */ = {isa = PBXBuildFile; productRef = 6A8EC95A2F26983E0058C21B /* P256K */; };
		72DC8F232FAF4A54005E35DD /* CashuDevKit in Frameworks */ = {isa = PBXBuildFile; productRef = 72DC8F222FAF4A54005E35DD /* CashuDevKit */; };
		AA00000000000001 /* PaymentMethodProtocol.swift in Sources */ = {isa = PBXBuildFile; fileRef = AA00000000000011 /* PaymentMethodProtocol.swift */; };
		AA00000000000002 /* CurrencyProtocol.swift in Sources */ = {isa = PBXBuildFile; fileRef = AA00000000000012 /* CurrencyProtocol.swift */; };
		AA00000000000003 /* WalletServiceProtocol.swift in Sources */ = {isa = PBXBuildFile; fileRef = AA00000000000013 /* WalletServiceProtocol.swift */; };
		AA00000000000004 /* StorageProtocol.swift in Sources */ = {isa = PBXBuildFile; fileRef = AA00000000000014 /* StorageProtocol.swift */; };
		AA00000000000005 /* NavigationManager.swift in Sources */ = {isa = PBXBuildFile; fileRef = AA00000000000015 /* NavigationManager.swift */; };
		AB00000000000001 /* CashuRequest.swift in Sources */ = {isa = PBXBuildFile; fileRef = AC00000000000001 /* CashuRequest.swift */; };
		AB00000000000002 /* CashuRequestStore.swift in Sources */ = {isa = PBXBuildFile; fileRef = AC00000000000002 /* CashuRequestStore.swift */; };
		AB00000000000003 /* PaymentRequestBuilder.swift in Sources */ = {isa = PBXBuildFile; fileRef = AC00000000000003 /* PaymentRequestBuilder.swift */; };
		AB00000000000004 /* NIP44.swift in Sources */ = {isa = PBXBuildFile; fileRef = AC00000000000004 /* NIP44.swift */; };
		AB00000000000005 /* NIP17.swift in Sources */ = {isa = PBXBuildFile; fileRef = AC00000000000005 /* NIP17.swift */; };
		AB00000000000006 /* NostrInboxClient.swift in Sources */ = {isa = PBXBuildFile; fileRef = AC00000000000006 /* NostrInboxClient.swift */; };
		AB00000000000007 /* CashuRequestListener.swift in Sources */ = {isa = PBXBuildFile; fileRef = AC00000000000007 /* CashuRequestListener.swift */; };
		AB00000000000008 /* CashuRequestDetailView.swift in Sources */ = {isa = PBXBuildFile; fileRef = AC00000000000008 /* CashuRequestDetailView.swift */; };
		AB0000000000000A /* CashuRequestMintPickerSheet.swift in Sources */ = {isa = PBXBuildFile; fileRef = AC0000000000000A /* CashuRequestMintPickerSheet.swift */; };
		AB0000000000000B /* CashuRequestAmountPickerSheet.swift in Sources */ = {isa = PBXBuildFile; fileRef = AC0000000000000B /* CashuRequestAmountPickerSheet.swift */; };
		BB00000000000001 /* MintService.swift in Sources */ = {isa = PBXBuildFile; fileRef = BB00000000000011 /* MintService.swift */; };
		BB00000000000002 /* TransactionService.swift in Sources */ = {isa = PBXBuildFile; fileRef = BB00000000000012 /* TransactionService.swift */; };
		BB00000000000003 /* TokenService.swift in Sources */ = {isa = PBXBuildFile; fileRef = BB00000000000013 /* TokenService.swift */; };
		BB00000000000004 /* LightningService.swift in Sources */ = {isa = PBXBuildFile; fileRef = BB00000000000014 /* LightningService.swift */; };
		CC00000000000001 /* ThemeSettingsSection.swift in Sources */ = {isa = PBXBuildFile; fileRef = CC00000000000011 /* ThemeSettingsSection.swift */; };
		CC00000000000002 /* BackupSettingsSection.swift in Sources */ = {isa = PBXBuildFile; fileRef = CC00000000000012 /* BackupSettingsSection.swift */; };
		CC00000000000003 /* NWCSettingsSection.swift in Sources */ = {isa = PBXBuildFile; fileRef = CC00000000000013 /* NWCSettingsSection.swift */; };
		CC00000000000004 /* P2PKSettingsSection.swift in Sources */ = {isa = PBXBuildFile; fileRef = CC00000000000014 /* P2PKSettingsSection.swift */; };
		CC00000000000005 /* NostrSettingsSection.swift in Sources */ = {isa = PBXBuildFile; fileRef = CC00000000000015 /* NostrSettingsSection.swift */; };
		CC00000000000006 /* PrivacySettingsSection.swift in Sources */ = {isa = PBXBuildFile; fileRef = CC00000000000016 /* PrivacySettingsSection.swift */; };
		CC00000000000007 /* AdvancedSettingsSection.swift in Sources */ = {isa = PBXBuildFile; fileRef = CC00000000000017 /* AdvancedSettingsSection.swift */; };
		CC00000000000008 /* LightningAddressSettingsSection.swift in Sources */ = {isa = PBXBuildFile; fileRef = CC00000000000018 /* LightningAddressSettingsSection.swift */; };
		CC00000000000020 /* PressableButtonStyle.swift in Sources */ = {isa = PBXBuildFile; fileRef = CC00000000000021 /* PressableButtonStyle.swift */; };
		DD00000000000001 /* AppLogger.swift in Sources */ = {isa = PBXBuildFile; fileRef = DD00000000000011 /* AppLogger.swift */; };
		DD00000000000002 /* BIP39WordList.swift in Sources */ = {isa = PBXBuildFile; fileRef = DD00000000000012 /* BIP39WordList.swift */; };
		DD00000000000003 /* HapticFeedback.swift in Sources */ = {isa = PBXBuildFile; fileRef = DD00000000000013 /* HapticFeedback.swift */; };
		DD00000000000004 /* ErrorBannerView.swift in Sources */ = {isa = PBXBuildFile; fileRef = DD00000000000014 /* ErrorBannerView.swift */; };
		EE00000000000002 /* WalletStore.swift in Sources */ = {isa = PBXBuildFile; fileRef = EE00000000000012 /* WalletStore.swift */; };
		EE00000000000003 /* SettingsStore.swift in Sources */ = {isa = PBXBuildFile; fileRef = EE00000000000013 /* SettingsStore.swift */; };
		EE00000000000004 /* TokenParser.swift in Sources */ = {isa = PBXBuildFile; fileRef = EE00000000000014 /* TokenParser.swift */; };
		EE00000000000005 /* AmountFormatter.swift in Sources */ = {isa = PBXBuildFile; fileRef = EE00000000000015 /* AmountFormatter.swift */; };
		EE00000000000006 /* LightningRequestParser.swift in Sources */ = {isa = PBXBuildFile; fileRef = EE00000000000016 /* LightningRequestParser.swift */; };
		F100000000000001 /* NDEFTextRecordCoder.swift in Sources */ = {isa = PBXBuildFile; fileRef = F200000000000001 /* NDEFTextRecordCoder.swift */; };
		F100000000000002 /* NFCReaderDelegate.swift in Sources */ = {isa = PBXBuildFile; fileRef = F200000000000002 /* NFCReaderDelegate.swift */; };
		F100000000000003 /* NFCPaymentService.swift in Sources */ = {isa = PBXBuildFile; fileRef = F200000000000003 /* NFCPaymentService.swift */; };
		F100000000000004 /* ContactlessPayView.swift in Sources */ = {isa = PBXBuildFile; fileRef = F200000000000004 /* ContactlessPayView.swift */; };
		F300000000000001 /* CurrencyAmountDisplay.swift in Sources */ = {isa = PBXBuildFile; fileRef = F400000000000001 /* CurrencyAmountDisplay.swift */; };
		F300000000000002 /* NumberPadAmountInput.swift in Sources */ = {isa = PBXBuildFile; fileRef = F400000000000002 /* NumberPadAmountInput.swift */; };
		F300000000000003 /* AuthorizingOverlay.swift in Sources */ = {isa = PBXBuildFile; fileRef = F400000000000003 /* AuthorizingOverlay.swift */; };
		F300000000000004 /* ClipboardPaymentChip.swift in Sources */ = {isa = PBXBuildFile; fileRef = F400000000000004 /* ClipboardPaymentChip.swift */; };
		F300000000000005 /* RecentRecipientsList.swift in Sources */ = {isa = PBXBuildFile; fileRef = F400000000000005 /* RecentRecipientsList.swift */; };
		F300000000000006 /* PaymentRequestDecoder.swift in Sources */ = {isa = PBXBuildFile; fileRef = F400000000000006 /* PaymentRequestDecoder.swift */; };
/* End PBXBuildFile section */

/* Begin PBXFileReference section */
		0100000000000001 /* CashuWallet.app */ = {isa = PBXFileReference; explicitFileType = wrapper.application; includeInIndex = 0; path = CashuWallet.app; sourceTree = BUILT_PRODUCTS_DIR; };
		2100000000000001 /* CashuWalletApp.swift */ = {isa = PBXFileReference; lastKnownFileType = sourcecode.swift; path = CashuWalletApp.swift; sourceTree = "<group>"; };
		2100000000000002 /* ContentView.swift */ = {isa = PBXFileReference; lastKnownFileType = sourcecode.swift; path = ContentView.swift; sourceTree = "<group>"; };
		2100000000000004 /* WalletManager.swift */ = {isa = PBXFileReference; lastKnownFileType = sourcecode.swift; path = WalletManager.swift; sourceTree = "<group>"; };
		2100000000000005 /* KeychainService.swift */ = {isa = PBXFileReference; lastKnownFileType = sourcecode.swift; path = KeychainService.swift; sourceTree = "<group>"; };
		2100000000000006 /* Models.swift */ = {isa = PBXFileReference; lastKnownFileType = sourcecode.swift; path = Models.swift; sourceTree = "<group>"; };
		2100000000000007 /* MainWalletView.swift */ = {isa = PBXFileReference; lastKnownFileType = sourcecode.swift; path = MainWalletView.swift; sourceTree = "<group>"; };
		2100000000000008 /* OnboardingView.swift */ = {isa = PBXFileReference; lastKnownFileType = sourcecode.swift; path = OnboardingView.swift; sourceTree = "<group>"; };
		2100000000000009 /* ReceiveView.swift */ = {isa = PBXFileReference; lastKnownFileType = sourcecode.swift; path = ReceiveView.swift; sourceTree = "<group>"; };
		210000000000000A /* ReceiveLightningView.swift */ = {isa = PBXFileReference; lastKnownFileType = sourcecode.swift; path = ReceiveLightningView.swift; sourceTree = "<group>"; };
		210000000000000B /* SendView.swift */ = {isa = PBXFileReference; lastKnownFileType = sourcecode.swift; path = SendView.swift; sourceTree = "<group>"; };
		210000000000000C /* MintsListView.swift */ = {isa = PBXFileReference; lastKnownFileType = sourcecode.swift; path = MintsListView.swift; sourceTree = "<group>"; };
		210000000000000D /* HistoryView.swift */ = {isa = PBXFileReference; lastKnownFileType = sourcecode.swift; path = HistoryView.swift; sourceTree = "<group>"; };
		210000000000000E /* SettingsView.swift */ = {isa = PBXFileReference; lastKnownFileType = sourcecode.swift; path = SettingsView.swift; sourceTree = "<group>"; };
		2100000000000010 /* QRCodeView.swift */ = {isa = PBXFileReference; lastKnownFileType = sourcecode.swift; path = QRCodeView.swift; sourceTree = "<group>"; };
		2100000000000012 /* Assets.xcassets */ = {isa = PBXFileReference; lastKnownFileType = folder.assetcatalog; path = Assets.xcassets; sourceTree = "<group>"; };
		21000000000000CC /* MintDetailView.swift */ = {isa = PBXFileReference; lastKnownFileType = sourcecode.swift; path = MintDetailView.swift; sourceTree = "<group>"; };
		3DC08FE85DFC643906176894 /* LiquidGlassModifiers.swift */ = {isa = PBXFileReference; includeInIndex = 1; lastKnownFileType = sourcecode.swift; path = LiquidGlassModifiers.swift; sourceTree = "<group>"; };
		6A8EC92F2F2442EF0058C21B /* SettingsManager.swift */ = {isa = PBXFileReference; lastKnownFileType = sourcecode.swift; path = SettingsManager.swift; sourceTree = "<group>"; };
		6A8EC9312F2448B60058C21B /* MintDiscoveryManager.swift */ = {isa = PBXFileReference; lastKnownFileType = sourcecode.swift; path = MintDiscoveryManager.swift; sourceTree = "<group>"; };
		6A8EC9332F244BD80058C21B /* ScannerWrapperView.swift */ = {isa = PBXFileReference; lastKnownFileType = sourcecode.swift; path = ScannerWrapperView.swift; sourceTree = "<group>"; };
		6A8EC9352F244C8C0058C21B /* TransactionDetailView.swift */ = {isa = PBXFileReference; lastKnownFileType = sourcecode.swift; path = TransactionDetailView.swift; sourceTree = "<group>"; };
		6A8EC9372F2450000058C21B /* NotificationBadgeView.swift */ = {isa = PBXFileReference; lastKnownFileType = sourcecode.swift; path = NotificationBadgeView.swift; sourceTree = "<group>"; };
		6A8EC9402F2576800058C21B /* ReceiveTokenDetailView.swift */ = {isa = PBXFileReference; lastKnownFileType = sourcecode.swift; path = ReceiveTokenDetailView.swift; sourceTree = "<group>"; };
		6A8EC9422F257FFB0058C21B /* ActivityOrbView.swift */ = {isa = PBXFileReference; lastKnownFileType = sourcecode.swift; path = ActivityOrbView.swift; sourceTree = "<group>"; };
		6A8EC9432F257FFB0058C21B /* AmountEntryView.swift */ = {isa = PBXFileReference; lastKnownFileType = sourcecode.swift; path = AmountEntryView.swift; sourceTree = "<group>"; };
		6A8EC9442F257FFB0058C21B /* AnimatedBalanceView.swift */ = {isa = PBXFileReference; lastKnownFileType = sourcecode.swift; path = AnimatedBalanceView.swift; sourceTree = "<group>"; };
		6A8EC9492F2580000058C21B /* EcashIcon.swift */ = {isa = PBXFileReference; lastKnownFileType = sourcecode.swift; path = EcashIcon.swift; sourceTree = "<group>"; };
		6A8EC94B2F2590000058C21B /* PriceService.swift */ = {isa = PBXFileReference; lastKnownFileType = sourcecode.swift; path = PriceService.swift; sourceTree = "<group>"; };
		6A8EC94D2F25A0000058C21B /* NostrService.swift */ = {isa = PBXFileReference; lastKnownFileType = sourcecode.swift; path = NostrService.swift; sourceTree = "<group>"; };
		6A8EC94F2F25A0000058C21B /* NPCService.swift */ = {isa = PBXFileReference; lastKnownFileType = sourcecode.swift; path = NPCService.swift; sourceTree = "<group>"; };
		AA00000000000011 /* PaymentMethodProtocol.swift */ = {isa = PBXFileReference; lastKnownFileType = sourcecode.swift; path = PaymentMethodProtocol.swift; sourceTree = "<group>"; };
		AA00000000000012 /* CurrencyProtocol.swift */ = {isa = PBXFileReference; lastKnownFileType = sourcecode.swift; path = CurrencyProtocol.swift; sourceTree = "<group>"; };
		AA00000000000013 /* WalletServiceProtocol.swift */ = {isa = PBXFileReference; lastKnownFileType = sourcecode.swift; path = WalletServiceProtocol.swift; sourceTree = "<group>"; };
		AA00000000000014 /* StorageProtocol.swift */ = {isa = PBXFileReference; lastKnownFileType = sourcecode.swift; path = StorageProtocol.swift; sourceTree = "<group>"; };
		AA00000000000015 /* NavigationManager.swift */ = {isa = PBXFileReference; lastKnownFileType = sourcecode.swift; path = NavigationManager.swift; sourceTree = "<group>"; };
		AC00000000000001 /* CashuRequest.swift */ = {isa = PBXFileReference; lastKnownFileType = sourcecode.swift; path = CashuRequest.swift; sourceTree = "<group>"; };
		AC00000000000002 /* CashuRequestStore.swift */ = {isa = PBXFileReference; lastKnownFileType = sourcecode.swift; path = CashuRequestStore.swift; sourceTree = "<group>"; };
		AC00000000000003 /* PaymentRequestBuilder.swift */ = {isa = PBXFileReference; lastKnownFileType = sourcecode.swift; path = PaymentRequestBuilder.swift; sourceTree = "<group>"; };
		AC00000000000004 /* NIP44.swift */ = {isa = PBXFileReference; lastKnownFileType = sourcecode.swift; path = NIP44.swift; sourceTree = "<group>"; };
		AC00000000000005 /* NIP17.swift */ = {isa = PBXFileReference; lastKnownFileType = sourcecode.swift; path = NIP17.swift; sourceTree = "<group>"; };
		AC00000000000006 /* NostrInboxClient.swift */ = {isa = PBXFileReference; lastKnownFileType = sourcecode.swift; path = NostrInboxClient.swift; sourceTree = "<group>"; };
		AC00000000000007 /* CashuRequestListener.swift */ = {isa = PBXFileReference; lastKnownFileType = sourcecode.swift; path = CashuRequestListener.swift; sourceTree = "<group>"; };
		AC00000000000008 /* CashuRequestDetailView.swift */ = {isa = PBXFileReference; lastKnownFileType = sourcecode.swift; path = CashuRequestDetailView.swift; sourceTree = "<group>"; };
		AC0000000000000A /* CashuRequestMintPickerSheet.swift */ = {isa = PBXFileReference; lastKnownFileType = sourcecode.swift; path = CashuRequestMintPickerSheet.swift; sourceTree = "<group>"; };
		AC0000000000000B /* CashuRequestAmountPickerSheet.swift */ = {isa = PBXFileReference; lastKnownFileType = sourcecode.swift; path = CashuRequestAmountPickerSheet.swift; sourceTree = "<group>"; };
		BB00000000000011 /* MintService.swift */ = {isa = PBXFileReference; lastKnownFileType = sourcecode.swift; path = MintService.swift; sourceTree = "<group>"; };
		BB00000000000012 /* TransactionService.swift */ = {isa = PBXFileReference; lastKnownFileType = sourcecode.swift; path = TransactionService.swift; sourceTree = "<group>"; };
		BB00000000000013 /* TokenService.swift */ = {isa = PBXFileReference; lastKnownFileType = sourcecode.swift; path = TokenService.swift; sourceTree = "<group>"; };
		BB00000000000014 /* LightningService.swift */ = {isa = PBXFileReference; lastKnownFileType = sourcecode.swift; path = LightningService.swift; sourceTree = "<group>"; };
		CC00000000000011 /* ThemeSettingsSection.swift */ = {isa = PBXFileReference; lastKnownFileType = sourcecode.swift; path = ThemeSettingsSection.swift; sourceTree = "<group>"; };
		CC00000000000012 /* BackupSettingsSection.swift */ = {isa = PBXFileReference; lastKnownFileType = sourcecode.swift; path = BackupSettingsSection.swift; sourceTree = "<group>"; };
		CC00000000000013 /* NWCSettingsSection.swift */ = {isa = PBXFileReference; lastKnownFileType = sourcecode.swift; path = NWCSettingsSection.swift; sourceTree = "<group>"; };
		CC00000000000014 /* P2PKSettingsSection.swift */ = {isa = PBXFileReference; lastKnownFileType = sourcecode.swift; path = P2PKSettingsSection.swift; sourceTree = "<group>"; };
		CC00000000000015 /* NostrSettingsSection.swift */ = {isa = PBXFileReference; lastKnownFileType = sourcecode.swift; path = NostrSettingsSection.swift; sourceTree = "<group>"; };
		CC00000000000016 /* PrivacySettingsSection.swift */ = {isa = PBXFileReference; lastKnownFileType = sourcecode.swift; path = PrivacySettingsSection.swift; sourceTree = "<group>"; };
		CC00000000000017 /* AdvancedSettingsSection.swift */ = {isa = PBXFileReference; lastKnownFileType = sourcecode.swift; path = AdvancedSettingsSection.swift; sourceTree = "<group>"; };
		CC00000000000018 /* LightningAddressSettingsSection.swift */ = {isa = PBXFileReference; lastKnownFileType = sourcecode.swift; path = LightningAddressSettingsSection.swift; sourceTree = "<group>"; };
		CC00000000000021 /* PressableButtonStyle.swift */ = {isa = PBXFileReference; lastKnownFileType = sourcecode.swift; path = PressableButtonStyle.swift; sourceTree = "<group>"; };
		DD00000000000011 /* AppLogger.swift */ = {isa = PBXFileReference; lastKnownFileType = sourcecode.swift; path = AppLogger.swift; sourceTree = "<group>"; };
		DD00000000000012 /* BIP39WordList.swift */ = {isa = PBXFileReference; lastKnownFileType = sourcecode.swift; path = BIP39WordList.swift; sourceTree = "<group>"; };
		DD00000000000013 /* HapticFeedback.swift */ = {isa = PBXFileReference; lastKnownFileType = sourcecode.swift; path = HapticFeedback.swift; sourceTree = "<group>"; };
		DD00000000000014 /* ErrorBannerView.swift */ = {isa = PBXFileReference; lastKnownFileType = sourcecode.swift; path = ErrorBannerView.swift; sourceTree = "<group>"; };
		EE00000000000012 /* WalletStore.swift */ = {isa = PBXFileReference; lastKnownFileType = sourcecode.swift; path = WalletStore.swift; sourceTree = "<group>"; };
		EE00000000000013 /* SettingsStore.swift */ = {isa = PBXFileReference; lastKnownFileType = sourcecode.swift; path = SettingsStore.swift; sourceTree = "<group>"; };
		EE00000000000014 /* TokenParser.swift */ = {isa = PBXFileReference; lastKnownFileType = sourcecode.swift; path = TokenParser.swift; sourceTree = "<group>"; };
		EE00000000000015 /* AmountFormatter.swift */ = {isa = PBXFileReference; lastKnownFileType = sourcecode.swift; path = AmountFormatter.swift; sourceTree = "<group>"; };
		EE00000000000016 /* LightningRequestParser.swift */ = {isa = PBXFileReference; lastKnownFileType = sourcecode.swift; path = LightningRequestParser.swift; sourceTree = "<group>"; };
		F200000000000001 /* NDEFTextRecordCoder.swift */ = {isa = PBXFileReference; lastKnownFileType = sourcecode.swift; path = NDEFTextRecordCoder.swift; sourceTree = "<group>"; };
		F200000000000002 /* NFCReaderDelegate.swift */ = {isa = PBXFileReference; lastKnownFileType = sourcecode.swift; path = NFCReaderDelegate.swift; sourceTree = "<group>"; };
		F200000000000003 /* NFCPaymentService.swift */ = {isa = PBXFileReference; lastKnownFileType = sourcecode.swift; path = NFCPaymentService.swift; sourceTree = "<group>"; };
		F200000000000004 /* ContactlessPayView.swift */ = {isa = PBXFileReference; lastKnownFileType = sourcecode.swift; path = ContactlessPayView.swift; sourceTree = "<group>"; };
		F200000000000005 /* CashuWallet.entitlements */ = {isa = PBXFileReference; lastKnownFileType = text.plist.entitlements; path = CashuWallet.entitlements; sourceTree = "<group>"; };
		F400000000000001 /* CurrencyAmountDisplay.swift */ = {isa = PBXFileReference; lastKnownFileType = sourcecode.swift; path = CurrencyAmountDisplay.swift; sourceTree = "<group>"; };
		F400000000000002 /* NumberPadAmountInput.swift */ = {isa = PBXFileReference; lastKnownFileType = sourcecode.swift; path = NumberPadAmountInput.swift; sourceTree = "<group>"; };
		F400000000000003 /* AuthorizingOverlay.swift */ = {isa = PBXFileReference; lastKnownFileType = sourcecode.swift; path = AuthorizingOverlay.swift; sourceTree = "<group>"; };
		F400000000000004 /* ClipboardPaymentChip.swift */ = {isa = PBXFileReference; lastKnownFileType = sourcecode.swift; path = ClipboardPaymentChip.swift; sourceTree = "<group>"; };
		F400000000000005 /* RecentRecipientsList.swift */ = {isa = PBXFileReference; lastKnownFileType = sourcecode.swift; path = RecentRecipientsList.swift; sourceTree = "<group>"; };
		F400000000000006 /* PaymentRequestDecoder.swift */ = {isa = PBXFileReference; lastKnownFileType = sourcecode.swift; path = PaymentRequestDecoder.swift; sourceTree = "<group>"; };
/* End PBXFileReference section */

/* Begin PBXFrameworksBuildPhase section */
		3100000000000001 /* Frameworks */ = {
			isa = PBXFrameworksBuildPhase;
			buildActionMask = 2147483647;
			files = (
				6A8EC93F2F256F350058C21B /* URKit in Frameworks */,
				6A8EC95B2F26983E0058C21B /* P256K in Frameworks */,
				72DC8F232FAF4A54005E35DD /* CashuDevKit in Frameworks */,
			);
			runOnlyForDeploymentPostprocessing = 0;
		};
/* End PBXFrameworksBuildPhase section */

/* Begin PBXGroup section */
		4000000000000000 = {
			isa = PBXGroup;
			children = (
				4100000000000001 /* CashuWallet */,
				6A8EC9592F26983E0058C21B /* Frameworks */,
				4100000000000002 /* Products */,
			);
			sourceTree = "<group>";
		};
		4100000000000001 /* CashuWallet */ = {
			isa = PBXGroup;
			children = (
				4200000000000001 /* App */,
				4200000000000002 /* Core */,
				4200000000000003 /* Models */,
				4200000000000004 /* Views */,
				4200000000000005 /* Resources */,
				F200000000000005 /* CashuWallet.entitlements */,
			);
			path = CashuWallet;
			sourceTree = "<group>";
		};
		4100000000000002 /* Products */ = {
			isa = PBXGroup;
			children = (
				0100000000000001 /* CashuWallet.app */,
			);
			name = Products;
			sourceTree = "<group>";
		};
		4200000000000001 /* App */ = {
			isa = PBXGroup;
			children = (
				2100000000000001 /* CashuWalletApp.swift */,
				2100000000000002 /* ContentView.swift */,
			);
			path = App;
			sourceTree = "<group>";
		};
		4200000000000002 /* Core */ = {
			isa = PBXGroup;
			children = (
				AA00000000000020 /* Protocols */,
				AA00000000000021 /* Navigation */,
				BB00000000000020 /* Services */,
				6A8EC9312F2448B60058C21B /* MintDiscoveryManager.swift */,
				6A8EC94D2F25A0000058C21B /* NostrService.swift */,
				6A8EC94F2F25A0000058C21B /* NPCService.swift */,
				AC00000000000002 /* CashuRequestStore.swift */,
				6A8EC94B2F2590000058C21B /* PriceService.swift */,
				6A8EC92F2F2442EF0058C21B /* SettingsManager.swift */,
				2100000000000004 /* WalletManager.swift */,
				2100000000000005 /* KeychainService.swift */,
				EE00000000000014 /* TokenParser.swift */,
				EE00000000000015 /* AmountFormatter.swift */,
				EE00000000000016 /* LightningRequestParser.swift */,
				EE00000000000013 /* SettingsStore.swift */,
				EE00000000000012 /* WalletStore.swift */,
				DD00000000000011 /* AppLogger.swift */,
				DD00000000000012 /* BIP39WordList.swift */,
				DD00000000000013 /* HapticFeedback.swift */,
				F400000000000006 /* PaymentRequestDecoder.swift */,
				AC00000000000003 /* PaymentRequestBuilder.swift */,
				AC00000000000004 /* NIP44.swift */,
				AC00000000000005 /* NIP17.swift */,
				AC00000000000006 /* NostrInboxClient.swift */,
				AC00000000000007 /* CashuRequestListener.swift */,
			);
			path = Core;
			sourceTree = "<group>";
		};
		4200000000000003 /* Models */ = {
			isa = PBXGroup;
			children = (
				2100000000000006 /* Models.swift */,
				AC00000000000001 /* CashuRequest.swift */,
			);
			path = Models;
			sourceTree = "<group>";
		};
		4200000000000004 /* Views */ = {
			isa = PBXGroup;
			children = (
				4300000000000001 /* Main */,
				4300000000000002 /* Receive */,
				4300000000000003 /* Send */,
				4300000000000004 /* Mints */,
				4300000000000005 /* History */,
				4300000000000006 /* Settings */,
				4300000000000007 /* Components */,
			);
			path = Views;
			sourceTree = "<group>";
		};
		4200000000000005 /* Resources */ = {
			isa = PBXGroup;
			children = (
				2100000000000012 /* Assets.xcassets */,
			);
			path = Resources;
			sourceTree = "<group>";
		};
		4300000000000001 /* Main */ = {
			isa = PBXGroup;
			children = (
				2100000000000007 /* MainWalletView.swift */,
				2100000000000008 /* OnboardingView.swift */,
			);
			path = Main;
			sourceTree = "<group>";
		};
		4300000000000002 /* Receive */ = {
			isa = PBXGroup;
			children = (
				6A8EC9402F2576800058C21B /* ReceiveTokenDetailView.swift */,
				2100000000000009 /* ReceiveView.swift */,
				210000000000000A /* ReceiveLightningView.swift */,
				AC00000000000008 /* CashuRequestDetailView.swift */,
				AC0000000000000A /* CashuRequestMintPickerSheet.swift */,
				AC0000000000000B /* CashuRequestAmountPickerSheet.swift */,
			);
			path = Receive;
			sourceTree = "<group>";
		};
		4300000000000003 /* Send */ = {
			isa = PBXGroup;
			children = (
				F500000000000001 /* Components */,
				F200000000000004 /* ContactlessPayView.swift */,
				210000000000000B /* SendView.swift */,
			);
			path = Send;
			sourceTree = "<group>";
		};
		4300000000000004 /* Mints */ = {
			isa = PBXGroup;
			children = (
				210000000000000C /* MintsListView.swift */,
				21000000000000CC /* MintDetailView.swift */,
			);
			path = Mints;
			sourceTree = "<group>";
		};
		4300000000000005 /* History */ = {
			isa = PBXGroup;
			children = (
				6A8EC9352F244C8C0058C21B /* TransactionDetailView.swift */,
				210000000000000D /* HistoryView.swift */,
			);
			path = History;
			sourceTree = "<group>";
		};
		4300000000000006 /* Settings */ = {
			isa = PBXGroup;
			children = (
				210000000000000E /* SettingsView.swift */,
				CC00000000000012 /* BackupSettingsSection.swift */,
				CC00000000000018 /* LightningAddressSettingsSection.swift */,
				CC00000000000015 /* NostrSettingsSection.swift */,
				CC00000000000013 /* NWCSettingsSection.swift */,
				CC00000000000014 /* P2PKSettingsSection.swift */,
				CC00000000000016 /* PrivacySettingsSection.swift */,
				CC00000000000011 /* ThemeSettingsSection.swift */,
				CC00000000000017 /* AdvancedSettingsSection.swift */,
			);
			path = Settings;
			sourceTree = "<group>";
		};
		4300000000000007 /* Components */ = {
			isa = PBXGroup;
			children = (
				6A8EC9422F257FFB0058C21B /* ActivityOrbView.swift */,
				6A8EC9432F257FFB0058C21B /* AmountEntryView.swift */,
				6A8EC9442F257FFB0058C21B /* AnimatedBalanceView.swift */,
				6A8EC9492F2580000058C21B /* EcashIcon.swift */,
				6A8EC9332F244BD80058C21B /* ScannerWrapperView.swift */,
				2100000000000010 /* QRCodeView.swift */,
				6A8EC9372F2450000058C21B /* NotificationBadgeView.swift */,
				DD00000000000014 /* ErrorBannerView.swift */,
				3DC08FE85DFC643906176894 /* LiquidGlassModifiers.swift */,
				CC00000000000021 /* PressableButtonStyle.swift */,
			);
			path = Components;
			sourceTree = "<group>";
		};
		6A8EC9592F26983E0058C21B /* Frameworks */ = {
			isa = PBXGroup;
			children = (
			);
			name = Frameworks;
			sourceTree = "<group>";
		};
		AA00000000000020 /* Protocols */ = {
			isa = PBXGroup;
			children = (
				AA00000000000011 /* PaymentMethodProtocol.swift */,
				AA00000000000012 /* CurrencyProtocol.swift */,
				AA00000000000013 /* WalletServiceProtocol.swift */,
				AA00000000000014 /* StorageProtocol.swift */,
			);
			path = Protocols;
			sourceTree = "<group>";
		};
		AA00000000000021 /* Navigation */ = {
			isa = PBXGroup;
			children = (
				AA00000000000015 /* NavigationManager.swift */,
			);
			path = Navigation;
			sourceTree = "<group>";
		};
		BB00000000000020 /* Services */ = {
			isa = PBXGroup;
			children = (
				BB00000000000011 /* MintService.swift */,
				F200000000000001 /* NDEFTextRecordCoder.swift */,
				F200000000000002 /* NFCReaderDelegate.swift */,
				F200000000000003 /* NFCPaymentService.swift */,
				BB00000000000012 /* TransactionService.swift */,
				BB00000000000013 /* TokenService.swift */,
				BB00000000000014 /* LightningService.swift */,
			);
			path = Services;
			sourceTree = "<group>";
		};
		F500000000000001 /* Components */ = {
			isa = PBXGroup;
			children = (
				F400000000000001 /* CurrencyAmountDisplay.swift */,
				F400000000000002 /* NumberPadAmountInput.swift */,
				F400000000000003 /* AuthorizingOverlay.swift */,
				F400000000000004 /* ClipboardPaymentChip.swift */,
				F400000000000005 /* RecentRecipientsList.swift */,
			);
			path = Components;
			sourceTree = "<group>";
		};
/* End PBXGroup section */

/* Begin PBXNativeTarget section */
		5100000000000001 /* CashuWallet */ = {
			isa = PBXNativeTarget;
			buildConfigurationList = 6100000000000001 /* Build configuration list for PBXNativeTarget "CashuWallet" */;
			buildPhases = (
				5200000000000001 /* Sources */,
				3100000000000001 /* Frameworks */,
				5200000000000002 /* Resources */,
			);
			buildRules = (
			);
			dependencies = (
			);
			name = CashuWallet;
			packageProductDependencies = (
				6A8EC93E2F256F350058C21B /* URKit */,
				6A8EC95A2F26983E0058C21B /* P256K */,
				72DC8F222FAF4A54005E35DD /* CashuDevKit */,
			);
			productName = CashuWallet;
			productReference = 0100000000000001 /* CashuWallet.app */;
			productType = "com.apple.product-type.application";
		};
/* End PBXNativeTarget section */

/* Begin PBXProject section */
		5000000000000001 /* Project object */ = {
			isa = PBXProject;
			attributes = {
				BuildIndependentTargetsInParallel = 1;
				LastSwiftUpdateCheck = 1500;
				LastUpgradeCheck = 2650;
				TargetAttributes = {
					5100000000000001 = {
						CreatedOnToolsVersion = 15.0;
						SystemCapabilities = {
							com.apple.NearFieldCommunicationTagReading = {
								enabled = 1;
							};
						};
					};
				};
			};
			buildConfigurationList = 6000000000000001 /* Build configuration list for PBXProject "CashuWallet" */;
			compatibilityVersion = "Xcode 14.0";
			developmentRegion = en;
			hasScannedForEncodings = 0;
			knownRegions = (
				en,
				Base,
			);
			mainGroup = 4000000000000000;
			packageReferences = (
				6A8EC93D2F256F350058C21B /* XCRemoteSwiftPackageReference "URKit" */,
				7200000000000002 /* XCRemoteSwiftPackageReference "swift-secp256k1" */,
				72DC8F212FAF4A54005E35DD /* XCRemoteSwiftPackageReference "cdk-swift" */,
			);
			productRefGroup = 4100000000000002 /* Products */;
			projectDirPath = "";
			projectRoot = "";
			targets = (
				5100000000000001 /* CashuWallet */,
			);
		};
/* End PBXProject section */

/* Begin PBXResourcesBuildPhase section */
		5200000000000002 /* Resources */ = {
			isa = PBXResourcesBuildPhase;
			buildActionMask = 2147483647;
			files = (
				1100000000000012 /* Assets.xcassets in Resources */,
			);
			runOnlyForDeploymentPostprocessing = 0;
		};
/* End PBXResourcesBuildPhase section */

/* Begin PBXSourcesBuildPhase section */
		5200000000000001 /* Sources */ = {
			isa = PBXSourcesBuildPhase;
			buildActionMask = 2147483647;
			files = (
				1100000000000001 /* CashuWalletApp.swift in Sources */,
				6A8EC9342F244BD80058C21B /* ScannerWrapperView.swift in Sources */,
				1100000000000002 /* ContentView.swift in Sources */,
				6A8EC9362F244C8C0058C21B /* TransactionDetailView.swift in Sources */,
				1100000000000004 /* WalletManager.swift in Sources */,
				1100000000000005 /* KeychainService.swift in Sources */,
				1100000000000006 /* Models.swift in Sources */,
				AB00000000000001 /* CashuRequest.swift in Sources */,
				1100000000000007 /* MainWalletView.swift in Sources */,
				1100000000000008 /* OnboardingView.swift in Sources */,
				6A8EC9412F2576800058C21B /* ReceiveTokenDetailView.swift in Sources */,
				6A8EC9302F2442F00058C21B /* SettingsManager.swift in Sources */,
				1100000000000009 /* ReceiveView.swift in Sources */,
				6A8EC9322F2448B60058C21B /* MintDiscoveryManager.swift in Sources */,
				6A8EC9452F257FFB0058C21B /* ActivityOrbView.swift in Sources */,
				6A8EC9462F257FFB0058C21B /* AnimatedBalanceView.swift in Sources */,
				6A8EC9472F257FFB0058C21B /* AmountEntryView.swift in Sources */,
				110000000000000A /* ReceiveLightningView.swift in Sources */,
				110000000000000B /* SendView.swift in Sources */,
				110000000000000C /* MintsListView.swift in Sources */,
				11000000000000CC /* MintDetailView.swift in Sources */,
				110000000000000D /* HistoryView.swift in Sources */,
				110000000000000E /* SettingsView.swift in Sources */,
				1100000000000010 /* QRCodeView.swift in Sources */,
				6A8EC9382F2450000058C21B /* NotificationBadgeView.swift in Sources */,
				6A8EC9482F2580000058C21B /* EcashIcon.swift in Sources */,
				6A8EC94A2F2590000058C21B /* PriceService.swift in Sources */,
				6A8EC94C2F25A0000058C21B /* NostrService.swift in Sources */,
				6A8EC94E2F25A0000058C21B /* NPCService.swift in Sources */,
				AB00000000000002 /* CashuRequestStore.swift in Sources */,
				AA00000000000001 /* PaymentMethodProtocol.swift in Sources */,
				AA00000000000002 /* CurrencyProtocol.swift in Sources */,
				AA00000000000003 /* WalletServiceProtocol.swift in Sources */,
				AA00000000000004 /* StorageProtocol.swift in Sources */,
				AA00000000000005 /* NavigationManager.swift in Sources */,
				BB00000000000001 /* MintService.swift in Sources */,
				BB00000000000002 /* TransactionService.swift in Sources */,
				BB00000000000003 /* TokenService.swift in Sources */,
				BB00000000000004 /* LightningService.swift in Sources */,
				CC00000000000001 /* ThemeSettingsSection.swift in Sources */,
				CC00000000000002 /* BackupSettingsSection.swift in Sources */,
				CC00000000000003 /* NWCSettingsSection.swift in Sources */,
				CC00000000000004 /* P2PKSettingsSection.swift in Sources */,
				CC00000000000005 /* NostrSettingsSection.swift in Sources */,
				CC00000000000006 /* PrivacySettingsSection.swift in Sources */,
				CC00000000000007 /* AdvancedSettingsSection.swift in Sources */,
				CC00000000000020 /* PressableButtonStyle.swift in Sources */,
				CC00000000000008 /* LightningAddressSettingsSection.swift in Sources */,
				DD00000000000001 /* AppLogger.swift in Sources */,
				DD00000000000002 /* BIP39WordList.swift in Sources */,
				DD00000000000003 /* HapticFeedback.swift in Sources */,
				DD00000000000004 /* ErrorBannerView.swift in Sources */,
				EE00000000000004 /* TokenParser.swift in Sources */,
				EE00000000000005 /* AmountFormatter.swift in Sources */,
				EE00000000000006 /* LightningRequestParser.swift in Sources */,
				EE00000000000003 /* SettingsStore.swift in Sources */,
				EE00000000000002 /* WalletStore.swift in Sources */,
				264054F18D12335595328FBC /* LiquidGlassModifiers.swift in Sources */,
				F100000000000001 /* NDEFTextRecordCoder.swift in Sources */,
				F100000000000002 /* NFCReaderDelegate.swift in Sources */,
				F100000000000003 /* NFCPaymentService.swift in Sources */,
				F100000000000004 /* ContactlessPayView.swift in Sources */,
				F300000000000001 /* CurrencyAmountDisplay.swift in Sources */,
				F300000000000002 /* NumberPadAmountInput.swift in Sources */,
				F300000000000003 /* AuthorizingOverlay.swift in Sources */,
				F300000000000004 /* ClipboardPaymentChip.swift in Sources */,
				F300000000000005 /* RecentRecipientsList.swift in Sources */,
				F300000000000006 /* PaymentRequestDecoder.swift in Sources */,
				AB00000000000003 /* PaymentRequestBuilder.swift in Sources */,
				AB00000000000004 /* NIP44.swift in Sources */,
				AB00000000000005 /* NIP17.swift in Sources */,
				AB00000000000006 /* NostrInboxClient.swift in Sources */,
				AB00000000000007 /* CashuRequestListener.swift in Sources */,
				AB00000000000008 /* CashuRequestDetailView.swift in Sources */,
				AB0000000000000A /* CashuRequestMintPickerSheet.swift in Sources */,
				AB0000000000000B /* CashuRequestAmountPickerSheet.swift in Sources */,
			);
			runOnlyForDeploymentPostprocessing = 0;
		};
/* End PBXSourcesBuildPhase section */

/* Begin XCBuildConfiguration section */
		6200000000000001 /* Debug */ = {
			isa = XCBuildConfiguration;
			buildSettings = {
				ALWAYS_SEARCH_USER_PATHS = NO;
				ASSETCATALOG_COMPILER_GENERATE_SWIFT_ASSET_SYMBOL_EXTENSIONS = YES;
				CLANG_ANALYZER_NONNULL = YES;
				CLANG_ANALYZER_NUMBER_OBJECT_CONVERSION = YES_AGGRESSIVE;
				CLANG_CXX_LANGUAGE_STANDARD = "gnu++20";
				CLANG_ENABLE_MODULES = YES;
				CLANG_ENABLE_OBJC_ARC = YES;
				CLANG_ENABLE_OBJC_WEAK = YES;
				CLANG_WARN_BLOCK_CAPTURE_AUTORELEASING = YES;
				CLANG_WARN_BOOL_CONVERSION = YES;
				CLANG_WARN_COMMA = YES;
				CLANG_WARN_CONSTANT_CONVERSION = YES;
				CLANG_WARN_DEPRECATED_OBJC_IMPLEMENTATIONS = YES;
				CLANG_WARN_DIRECT_OBJC_ISA_USAGE = YES_ERROR;
				CLANG_WARN_DOCUMENTATION_COMMENTS = YES;
				CLANG_WARN_EMPTY_BODY = YES;
				CLANG_WARN_ENUM_CONVERSION = YES;
				CLANG_WARN_INFINITE_RECURSION = YES;
				CLANG_WARN_INT_CONVERSION = YES;
				CLANG_WARN_NON_LITERAL_NULL_CONVERSION = YES;
				CLANG_WARN_OBJC_IMPLICIT_RETAIN_SELF = YES;
				CLANG_WARN_OBJC_LITERAL_CONVERSION = YES;
				CLANG_WARN_OBJC_ROOT_CLASS = YES_ERROR;
				CLANG_WARN_QUOTED_INCLUDE_IN_FRAMEWORK_HEADER = YES;
				CLANG_WARN_RANGE_LOOP_ANALYSIS = YES;
				CLANG_WARN_STRICT_PROTOTYPES = YES;
				CLANG_WARN_SUSPICIOUS_MOVE = YES;
				CLANG_WARN_UNGUARDED_AVAILABILITY = YES_AGGRESSIVE;
				CLANG_WARN_UNREACHABLE_CODE = YES;
				CLANG_WARN__DUPLICATE_METHOD_MATCH = YES;
				COPY_PHASE_STRIP = NO;
				DEBUG_INFORMATION_FORMAT = dwarf;
				ENABLE_STRICT_OBJC_MSGSEND = YES;
				ENABLE_TESTABILITY = YES;
				ENABLE_USER_SCRIPT_SANDBOXING = YES;
				GCC_C_LANGUAGE_STANDARD = gnu17;
				GCC_DYNAMIC_NO_PIC = NO;
				GCC_NO_COMMON_BLOCKS = YES;
				GCC_OPTIMIZATION_LEVEL = 0;
				GCC_PREPROCESSOR_DEFINITIONS = (
					"DEBUG=1",
					"$(inherited)",
				);
				GCC_WARN_64_TO_32_BIT_CONVERSION = YES;
				GCC_WARN_ABOUT_RETURN_TYPE = YES_ERROR;
				GCC_WARN_UNDECLARED_SELECTOR = YES;
				GCC_WARN_UNINITIALIZED_AUTOS = YES_AGGRESSIVE;
				GCC_WARN_UNUSED_FUNCTION = YES;
				GCC_WARN_UNUSED_VARIABLE = YES;
				IPHONEOS_DEPLOYMENT_TARGET = 18.0;
				LOCALIZATION_PREFERS_STRING_CATALOGS = YES;
				MTL_ENABLE_DEBUG_INFO = INCLUDE_SOURCE;
				MTL_FAST_MATH = YES;
				ONLY_ACTIVE_ARCH = YES;
				SDKROOT = iphoneos;
				STRING_CATALOG_GENERATE_SYMBOLS = YES;
				SWIFT_ACTIVE_COMPILATION_CONDITIONS = "DEBUG $(inherited)";
				SWIFT_OPTIMIZATION_LEVEL = "-Onone";
			};
			name = Debug;
		};
		6200000000000002 /* Release */ = {
			isa = XCBuildConfiguration;
			buildSettings = {
				ALWAYS_SEARCH_USER_PATHS = NO;
				ASSETCATALOG_COMPILER_GENERATE_SWIFT_ASSET_SYMBOL_EXTENSIONS = YES;
				CLANG_ANALYZER_NONNULL = YES;
				CLANG_ANALYZER_NUMBER_OBJECT_CONVERSION = YES_AGGRESSIVE;
				CLANG_CXX_LANGUAGE_STANDARD = "gnu++20";
				CLANG_ENABLE_MODULES = YES;
				CLANG_ENABLE_OBJC_ARC = YES;
				CLANG_ENABLE_OBJC_WEAK = YES;
				CLANG_WARN_BLOCK_CAPTURE_AUTORELEASING = YES;
				CLANG_WARN_BOOL_CONVERSION = YES;
				CLANG_WARN_COMMA = YES;
				CLANG_WARN_CONSTANT_CONVERSION = YES;
				CLANG_WARN_DEPRECATED_OBJC_IMPLEMENTATIONS = YES;
				CLANG_WARN_DIRECT_OBJC_ISA_USAGE = YES_ERROR;
				CLANG_WARN_DOCUMENTATION_COMMENTS = YES;
				CLANG_WARN_EMPTY_BODY = YES;
				CLANG_WARN_ENUM_CONVERSION = YES;
				CLANG_WARN_INFINITE_RECURSION = YES;
				CLANG_WARN_INT_CONVERSION = YES;
				CLANG_WARN_NON_LITERAL_NULL_CONVERSION = YES;
				CLANG_WARN_OBJC_IMPLICIT_RETAIN_SELF = YES;
				CLANG_WARN_OBJC_LITERAL_CONVERSION = YES;
				CLANG_WARN_OBJC_ROOT_CLASS = YES_ERROR;
				CLANG_WARN_QUOTED_INCLUDE_IN_FRAMEWORK_HEADER = YES;
				CLANG_WARN_RANGE_LOOP_ANALYSIS = YES;
				CLANG_WARN_STRICT_PROTOTYPES = YES;
				CLANG_WARN_SUSPICIOUS_MOVE = YES;
				CLANG_WARN_UNGUARDED_AVAILABILITY = YES_AGGRESSIVE;
				CLANG_WARN_UNREACHABLE_CODE = YES;
				CLANG_WARN__DUPLICATE_METHOD_MATCH = YES;
				COPY_PHASE_STRIP = NO;
				DEBUG_INFORMATION_FORMAT = "dwarf-with-dsym";
				ENABLE_NS_ASSERTIONS = NO;
				ENABLE_STRICT_OBJC_MSGSEND = YES;
				ENABLE_USER_SCRIPT_SANDBOXING = YES;
				GCC_C_LANGUAGE_STANDARD = gnu17;
				GCC_NO_COMMON_BLOCKS = YES;
				GCC_WARN_64_TO_32_BIT_CONVERSION = YES;
				GCC_WARN_ABOUT_RETURN_TYPE = YES_ERROR;
				GCC_WARN_UNDECLARED_SELECTOR = YES;
				GCC_WARN_UNINITIALIZED_AUTOS = YES_AGGRESSIVE;
				GCC_WARN_UNUSED_FUNCTION = YES;
				GCC_WARN_UNUSED_VARIABLE = YES;
				IPHONEOS_DEPLOYMENT_TARGET = 18.0;
				LOCALIZATION_PREFERS_STRING_CATALOGS = YES;
				MTL_ENABLE_DEBUG_INFO = NO;
				MTL_FAST_MATH = YES;
				SDKROOT = iphoneos;
				STRING_CATALOG_GENERATE_SYMBOLS = YES;
				SWIFT_COMPILATION_MODE = wholemodule;
				VALIDATE_PRODUCT = YES;
			};
			name = Release;
		};
		6300000000000001 /* Debug */ = {
			isa = XCBuildConfiguration;
			buildSettings = {
				ASSETCATALOG_COMPILER_APPICON_NAME = AppIcon;
				ASSETCATALOG_COMPILER_GLOBAL_ACCENT_COLOR_NAME = AccentColor;
				CODE_SIGN_ENTITLEMENTS = CashuWallet/CashuWallet.entitlements;
				CODE_SIGN_STYLE = Automatic;
				CURRENT_PROJECT_VERSION = 1;
				DEVELOPMENT_TEAM = JQ4WB222T4;
				ENABLE_PREVIEWS = YES;
				GENERATE_INFOPLIST_FILE = YES;
				INFOPLIST_FILE = CashuWallet/Info.plist;
				INFOPLIST_KEY_NFCReaderUsageDescription = "Hold your iPhone near a payment terminal or NFC tag to send Cashu ecash.";
				INFOPLIST_KEY_NSCameraUsageDescription = "Camera is used to scan QR codes for receiving ecash tokens and Lightning invoices.";
				INFOPLIST_KEY_UIApplicationSceneManifest_Generation = YES;
				INFOPLIST_KEY_UIApplicationSupportsIndirectInputEvents = YES;
				INFOPLIST_KEY_UILaunchScreen_Generation = YES;
				INFOPLIST_KEY_UISupportedInterfaceOrientations_iPad = "UIInterfaceOrientationPortrait UIInterfaceOrientationPortraitUpsideDown UIInterfaceOrientationLandscapeLeft UIInterfaceOrientationLandscapeRight";
				INFOPLIST_KEY_UISupportedInterfaceOrientations_iPhone = UIInterfaceOrientationPortrait;
				LD_RUNPATH_SEARCH_PATHS = (
					"$(inherited)",
					"@executable_path/Frameworks",
				);
				MARKETING_VERSION = 1.0;
				OTHER_LDFLAGS = (
					"$(inherited)",
					"-framework",
					SystemConfiguration,
				);
				PRODUCT_BUNDLE_IDENTIFIER = com.cashu.wallet;
				PRODUCT_NAME = "$(TARGET_NAME)";
				SWIFT_EMIT_LOC_STRINGS = YES;
				SWIFT_VERSION = 5.0;
				TARGETED_DEVICE_FAMILY = "1,2";
			};
			name = Debug;
		};
		6300000000000002 /* Release */ = {
			isa = XCBuildConfiguration;
			buildSettings = {
				ASSETCATALOG_COMPILER_APPICON_NAME = AppIcon;
				ASSETCATALOG_COMPILER_GLOBAL_ACCENT_COLOR_NAME = AccentColor;
				CODE_SIGN_ENTITLEMENTS = CashuWallet/CashuWallet.entitlements;
				CODE_SIGN_STYLE = Automatic;
				CURRENT_PROJECT_VERSION = 1;
				DEVELOPMENT_TEAM = JQ4WB222T4;
				ENABLE_PREVIEWS = YES;
				GENERATE_INFOPLIST_FILE = YES;
				INFOPLIST_FILE = CashuWallet/Info.plist;
				INFOPLIST_KEY_NFCReaderUsageDescription = "Hold your iPhone near a payment terminal or NFC tag to send Cashu ecash.";
				INFOPLIST_KEY_NSCameraUsageDescription = "Camera is used to scan QR codes for receiving ecash tokens and Lightning invoices.";
				INFOPLIST_KEY_UIApplicationSceneManifest_Generation = YES;
				INFOPLIST_KEY_UIApplicationSupportsIndirectInputEvents = YES;
				INFOPLIST_KEY_UILaunchScreen_Generation = YES;
				INFOPLIST_KEY_UISupportedInterfaceOrientations_iPad = "UIInterfaceOrientationPortrait UIInterfaceOrientationPortraitUpsideDown UIInterfaceOrientationLandscapeLeft UIInterfaceOrientationLandscapeRight";
				INFOPLIST_KEY_UISupportedInterfaceOrientations_iPhone = UIInterfaceOrientationPortrait;
				LD_RUNPATH_SEARCH_PATHS = (
					"$(inherited)",
					"@executable_path/Frameworks",
				);
				MARKETING_VERSION = 1.0;
				OTHER_LDFLAGS = (
					"$(inherited)",
					"-framework",
					SystemConfiguration,
				);
				PRODUCT_BUNDLE_IDENTIFIER = com.cashu.wallet;
				PRODUCT_NAME = "$(TARGET_NAME)";
				SWIFT_EMIT_LOC_STRINGS = YES;
				SWIFT_VERSION = 5.0;
				TARGETED_DEVICE_FAMILY = "1,2";
			};
			name = Release;
		};
/* End XCBuildConfiguration section */

/* Begin XCConfigurationList section */
		6000000000000001 /* Build configuration list for PBXProject "CashuWallet" */ = {
			isa = XCConfigurationList;
			buildConfigurations = (
				6200000000000001 /* Debug */,
				6200000000000002 /* Release */,
			);
			defaultConfigurationIsVisible = 0;
			defaultConfigurationName = Release;
		};
		6100000000000001 /* Build configuration list for PBXNativeTarget "CashuWallet" */ = {
			isa = XCConfigurationList;
			buildConfigurations = (
				6300000000000001 /* Debug */,
				6300000000000002 /* Release */,
			);
			defaultConfigurationIsVisible = 0;
			defaultConfigurationName = Release;
		};
/* End XCConfigurationList section */

/* Begin XCRemoteSwiftPackageReference section */
		6A8EC93D2F256F350058C21B /* XCRemoteSwiftPackageReference "URKit" */ = {
			isa = XCRemoteSwiftPackageReference;
			repositoryURL = "https://github.com/BlockchainCommons/URKit.git";
			requirement = {
				kind = upToNextMajorVersion;
				minimumVersion = 15.1.0;
			};
		};
		7200000000000002 /* XCRemoteSwiftPackageReference "swift-secp256k1" */ = {
			isa = XCRemoteSwiftPackageReference;
			repositoryURL = "https://github.com/21-DOT-DEV/swift-secp256k1.git";
			requirement = {
				kind = upToNextMajorVersion;
				minimumVersion = 0.18.0;
			};
		};
		72DC8F212FAF4A54005E35DD /* XCRemoteSwiftPackageReference "cdk-swift" */ = {
			isa = XCRemoteSwiftPackageReference;
			repositoryURL = "https://github.com/asmogo/cdk-swift";
			requirement = {
				kind = exactVersion;
				version = 0.16.9;
			};
		};
/* End XCRemoteSwiftPackageReference section */

/* Begin XCSwiftPackageProductDependency section */
		6A8EC93E2F256F350058C21B /* URKit */ = {
			isa = XCSwiftPackageProductDependency;
			package = 6A8EC93D2F256F350058C21B /* XCRemoteSwiftPackageReference "URKit" */;
			productName = URKit;
		};
		6A8EC95A2F26983E0058C21B /* P256K */ = {
			isa = XCSwiftPackageProductDependency;
			package = 7200000000000002 /* XCRemoteSwiftPackageReference "swift-secp256k1" */;
			productName = P256K;
		};
		72DC8F222FAF4A54005E35DD /* CashuDevKit */ = {
			isa = XCSwiftPackageProductDependency;
			package = 72DC8F212FAF4A54005E35DD /* XCRemoteSwiftPackageReference "cdk-swift" */;
			productName = CashuDevKit;
		};
/* End XCSwiftPackageProductDependency section */
	};
	rootObject = 5000000000000001 /* Project object */;
}
