{
  "pins" : [
    {
      "identity" : "cdk-swift",
      "kind" : "remoteSourceControl",
      "location" : "https://github.com/cashubtc/cdk-swift",
      "state" : {
        "revision" : "d4dff5fb5e32bab0a28297a0ef305ddc5ed55dbd",
        "version" : "0.17.3-rc.0"
      }
    }
  ],
  "version" : 2
}
